
Microsoft Visual Studio Solution File, Format Version 12.00
# Visual Studio Version 16
VisualStudioVersion = 16.0.30717.126
MinimumVisualStudioVersion = 10.0.40219.1
Project("{FAE04EC0-301F-11D3-BF4B-00C04F79EFBC}") = "FissureTracker", "FissureTracker.csproj", "{E465EDBF-8659-4778-8BE3-D95DDDFBACE9}"
EndProject
Global
	GlobalSection(SolutionConfigurationPlatforms) = preSolution
		Debug|Any CPU = Debug|Any CPU
		Release|Any CPU = Release|Any CPU
	EndGlobalSection
	GlobalSection(ProjectConfigurationPlatforms) = postSolution
		{E465EDBF-8659-4778-8BE3-D95DDDFBACE9}.Debug|Any CPU.ActiveCfg = Debug|Any CPU
		{E465EDBF-8659-4778-8BE3-D95DDDFBACE9}.Debug|Any CPU.Build.0 = Debug|Any CPU
		{E465EDBF-8659-4778-8BE3-D95DDDFBACE9}.Release|Any CPU.ActiveCfg = Release|Any CPU
		{E465EDBF-8659-4778-8BE3-D95DDDFBACE9}.Release|Any CPU.Build.0 = Release|Any CPU
	EndGlobalSection
	GlobalSection(SolutionProperties) = preSolution
		HideSolutionNode = FALSE
	EndGlobalSection
	GlobalSection(ExtensibilityGlobals) = postSolution
		SolutionGuid = {EFEEE209-CADF-4CBD-8370-9B1948C23E16}
	EndGlobalSection
EndGlobal
